
Microsoft Visual Studio Solution File, Format Version 12.00
# Visual Studio 15
VisualStudioVersion = 15.0.26228.9
MinimumVisualStudioVersion = 10.0.40219.1
Project("{FAE04EC0-301F-11D3-BF4B-00C04F79EFBC}") = "Assignment 7", "Assignment 7\Assignment 7.csproj", "{283033DB-42B3-42BC-9C48-EECC3E2567A7}"
EndProject
Project("{FAE04EC0-301F-11D3-BF4B-00C04F79EFBC}") = "StudentInformation", "Student\StudentInformation.csproj", "{4B0F2C6E-7377-427A-998A-13240B7796EB}"
EndProject
Global
	GlobalSection(SolutionConfigurationPlatforms) = preSolution
		Debug|Any CPU = Debug|Any CPU
		Release|Any CPU = Release|Any CPU
	EndGlobalSection
	GlobalSection(ProjectConfigurationPlatforms) = postSolution
		{283033DB-42B3-42BC-9C48-EECC3E2567A7}.Debug|Any CPU.ActiveCfg = Debug|Any CPU
		{283033DB-42B3-42BC-9C48-EECC3E2567A7}.Debug|Any CPU.Build.0 = Debug|Any CPU
		{283033DB-42B3-42BC-9C48-EECC3E2567A7}.Release|Any CPU.ActiveCfg = Release|Any CPU
		{283033DB-42B3-42BC-9C48-EECC3E2567A7}.Release|Any CPU.Build.0 = Release|Any CPU
		{4B0F2C6E-7377-427A-998A-13240B7796EB}.Debug|Any CPU.ActiveCfg = Debug|Any CPU
		{4B0F2C6E-7377-427A-998A-13240B7796EB}.Debug|Any CPU.Build.0 = Debug|Any CPU
		{4B0F2C6E-7377-427A-998A-13240B7796EB}.Release|Any CPU.ActiveCfg = Release|Any CPU
		{4B0F2C6E-7377-427A-998A-13240B7796EB}.Release|Any CPU.Build.0 = Release|Any CPU
	EndGlobalSection
	GlobalSection(SolutionProperties) = preSolution
		HideSolutionNode = FALSE
	EndGlobalSection
EndGlobal
